
Microsoft Visual Studio Solution File, Format Version 12.00
# Visual Studio 2012
Project("{2150E333-8FDC-42A3-9474-1A3956D46DE8}") = "src", "src", "{04D50AF5-6A7B-4071-877A-993FAEF3DCC3}"
EndProject
Project("{FAE04EC0-301F-11D3-BF4B-00C04F79EFBC}") = "ASPNETCoreMac", "src\ASPNETCoreMac\ASPNETCoreMac.csproj", "{FAA6E368-B27F-4FA7-9A79-00B28B1B84C5}"
EndProject
Global
	GlobalSection(SolutionConfigurationPlatforms) = preSolution
		Debug|Any CPU = Debug|Any CPU
		Release|Any CPU = Release|Any CPU
	EndGlobalSection
	GlobalSection(ProjectConfigurationPlatforms) = postSolution
		{FAA6E368-B27F-4FA7-9A79-00B28B1B84C5}.Debug|Any CPU.ActiveCfg = Debug|Any CPU
		{FAA6E368-B27F-4FA7-9A79-00B28B1B84C5}.Debug|Any CPU.Build.0 = Debug|Any CPU
		{FAA6E368-B27F-4FA7-9A79-00B28B1B84C5}.Release|Any CPU.ActiveCfg = Release|Any CPU
		{FAA6E368-B27F-4FA7-9A79-00B28B1B84C5}.Release|Any CPU.Build.0 = Release|Any CPU
	EndGlobalSection
	GlobalSection(NestedProjects) = preSolution
		{FAA6E368-B27F-4FA7-9A79-00B28B1B84C5} = {04D50AF5-6A7B-4071-877A-993FAEF3DCC3}
	EndGlobalSection
EndGlobal
